
Microsoft Visual Studio Solution File, Format Version 12.00
Project("{FAE04EC0-301F-11D3-BF4B-00C04F79EFBC}") = "ifStatements", "ifStatements.csproj", "{824DA361-FD29-4459-8215-1934971EC1E2}"
EndProject
Global
	GlobalSection(SolutionConfigurationPlatforms) = preSolution
		Debug|Any CPU = Debug|Any CPU
		Release|Any CPU = Release|Any CPU
	EndGlobalSection
	GlobalSection(ProjectConfigurationPlatforms) = postSolution
		{824DA361-FD29-4459-8215-1934971EC1E2}.Debug|Any CPU.ActiveCfg = Debug|Any CPU
		{824DA361-FD29-4459-8215-1934971EC1E2}.Debug|Any CPU.Build.0 = Debug|Any CPU
		{824DA361-FD29-4459-8215-1934971EC1E2}.Release|Any CPU.ActiveCfg = Release|Any CPU
		{824DA361-FD29-4459-8215-1934971EC1E2}.Release|Any CPU.Build.0 = Release|Any CPU
	EndGlobalSection
EndGlobal
