
Microsoft Visual Studio Solution File, Format Version 12.00
# Visual Studio Version 17
VisualStudioVersion = 17.6.33815.320
MinimumVisualStudioVersion = 10.0.40219.1
Project("{FAE04EC0-301F-11D3-BF4B-00C04F79EFBC}") = "2dArrays", "2dArrays\2dArrays.csproj", "{48992FCA-EB74-4C3D-A774-29576E4D1455}"
EndProject
Global
	GlobalSection(SolutionConfigurationPlatforms) = preSolution
		Debug|Any CPU = Debug|Any CPU
		Release|Any CPU = Release|Any CPU
	EndGlobalSection
	GlobalSection(ProjectConfigurationPlatforms) = postSolution
		{48992FCA-EB74-4C3D-A774-29576E4D1455}.Debug|Any CPU.ActiveCfg = Debug|Any CPU
		{48992FCA-EB74-4C3D-A774-29576E4D1455}.Debug|Any CPU.Build.0 = Debug|Any CPU
		{48992FCA-EB74-4C3D-A774-29576E4D1455}.Release|Any CPU.ActiveCfg = Release|Any CPU
		{48992FCA-EB74-4C3D-A774-29576E4D1455}.Release|Any CPU.Build.0 = Release|Any CPU
	EndGlobalSection
	GlobalSection(SolutionProperties) = preSolution
		HideSolutionNode = FALSE
	EndGlobalSection
	GlobalSection(ExtensibilityGlobals) = postSolution
		SolutionGuid = {63835303-7DBE-4C50-BF6F-7EECD94A8C50}
	EndGlobalSection
EndGlobal
