
Microsoft Visual Studio Solution File, Format Version 12.00
Project("{FAE04EC0-301F-11D3-BF4B-00C04F79EFBC}") = "Playing around", "Playing around\Playing around.csproj", "{CDC9AF45-DA02-48C3-84E2-099C89847B14}"
EndProject
Global
	GlobalSection(SolutionConfigurationPlatforms) = preSolution
		Debug|Any CPU = Debug|Any CPU
		Release|Any CPU = Release|Any CPU
	EndGlobalSection
	GlobalSection(ProjectConfigurationPlatforms) = postSolution
		{CDC9AF45-DA02-48C3-84E2-099C89847B14}.Debug|Any CPU.ActiveCfg = Debug|Any CPU
		{CDC9AF45-DA02-48C3-84E2-099C89847B14}.Debug|Any CPU.Build.0 = Debug|Any CPU
		{CDC9AF45-DA02-48C3-84E2-099C89847B14}.Release|Any CPU.ActiveCfg = Release|Any CPU
		{CDC9AF45-DA02-48C3-84E2-099C89847B14}.Release|Any CPU.Build.0 = Release|Any CPU
	EndGlobalSection
EndGlobal
