
Microsoft Visual Studio Solution File, Format Version 12.00
# Visual Studio Version 17
VisualStudioVersion = 17.6.33815.320
MinimumVisualStudioVersion = 10.0.40219.1
Project("{FAE04EC0-301F-11D3-BF4B-00C04F79EFBC}") = "GettersAndSetters", "GettersAndSetters\GettersAndSetters.csproj", "{DDCE342C-234C-48B3-8163-72AA676F342A}"
EndProject
Global
	GlobalSection(SolutionConfigurationPlatforms) = preSolution
		Debug|Any CPU = Debug|Any CPU
		Release|Any CPU = Release|Any CPU
	EndGlobalSection
	GlobalSection(ProjectConfigurationPlatforms) = postSolution
		{DDCE342C-234C-48B3-8163-72AA676F342A}.Debug|Any CPU.ActiveCfg = Debug|Any CPU
		{DDCE342C-234C-48B3-8163-72AA676F342A}.Debug|Any CPU.Build.0 = Debug|Any CPU
		{DDCE342C-234C-48B3-8163-72AA676F342A}.Release|Any CPU.ActiveCfg = Release|Any CPU
		{DDCE342C-234C-48B3-8163-72AA676F342A}.Release|Any CPU.Build.0 = Release|Any CPU
	EndGlobalSection
	GlobalSection(SolutionProperties) = preSolution
		HideSolutionNode = FALSE
	EndGlobalSection
	GlobalSection(ExtensibilityGlobals) = postSolution
		SolutionGuid = {34B11124-7628-4E16-A9FC-75462024FE70}
	EndGlobalSection
EndGlobal
