
Microsoft Visual Studio Solution File, Format Version 12.00
Project("{FAE04EC0-301F-11D3-BF4B-00C04F79EFBC}") = "SwitchStatements", "SwitchStatements\SwitchStatements.csproj", "{29A0FC39-62DC-461F-9A26-8CB1E29EEEEC}"
EndProject
Global
	GlobalSection(SolutionConfigurationPlatforms) = preSolution
		Debug|Any CPU = Debug|Any CPU
		Release|Any CPU = Release|Any CPU
	EndGlobalSection
	GlobalSection(ProjectConfigurationPlatforms) = postSolution
		{29A0FC39-62DC-461F-9A26-8CB1E29EEEEC}.Debug|Any CPU.ActiveCfg = Debug|Any CPU
		{29A0FC39-62DC-461F-9A26-8CB1E29EEEEC}.Debug|Any CPU.Build.0 = Debug|Any CPU
		{29A0FC39-62DC-461F-9A26-8CB1E29EEEEC}.Release|Any CPU.ActiveCfg = Release|Any CPU
		{29A0FC39-62DC-461F-9A26-8CB1E29EEEEC}.Release|Any CPU.Build.0 = Release|Any CPU
	EndGlobalSection
EndGlobal
